
Microsoft Visual Studio Solution File, Format Version 12.00
# Visual Studio Version 17
VisualStudioVersion = 17.7.34031.279
MinimumVisualStudioVersion = 10.0.40219.1
Project("{FAE04EC0-301F-11D3-BF4B-00C04F79EFBC}") = "KitapYönetimSistemi", "KitapYönetimSistemi.csproj", "{2CD9C025-1D99-4003-AC84-F145DB91571A}"
EndProject
Global
	GlobalSection(SolutionConfigurationPlatforms) = preSolution
		Debug|Any CPU = Debug|Any CPU
		Release|Any CPU = Release|Any CPU
	EndGlobalSection
	GlobalSection(ProjectConfigurationPlatforms) = postSolution
		{2CD9C025-1D99-4003-AC84-F145DB91571A}.Debug|Any CPU.ActiveCfg = Debug|Any CPU
		{2CD9C025-1D99-4003-AC84-F145DB91571A}.Debug|Any CPU.Build.0 = Debug|Any CPU
		{2CD9C025-1D99-4003-AC84-F145DB91571A}.Release|Any CPU.ActiveCfg = Release|Any CPU
		{2CD9C025-1D99-4003-AC84-F145DB91571A}.Release|Any CPU.Build.0 = Release|Any CPU
	EndGlobalSection
	GlobalSection(SolutionProperties) = preSolution
		HideSolutionNode = FALSE
	EndGlobalSection
	GlobalSection(ExtensibilityGlobals) = postSolution
		SolutionGuid = {249FA2DB-2B8F-4633-ACDC-757D154A7728}
	EndGlobalSection
EndGlobal
